// !$*UTF8*$!
{
	archiveVersion = 1;
	classes = {
	};
	objectVersion = 46;
	objects = {

/* Begin PBXBuildFile section */
		652FA8031B5172BC0060DAAC /* Images.xcassets in Resources */ = {isa = PBXBuildFile; fileRef = 652FA8021B5172BC0060DAAC /* Images.xcassets */; };
		654DDF941B526A6300CA32EB /* SystemConfiguration.framework in Frameworks */ = {isa = PBXBuildFile; fileRef = 654DDF931B526A6300CA32EB /* SystemConfiguration.framework */; };
		6571F97D1BE50E99007AFBD5 /* Game.storyboard in Resources */ = {isa = PBXBuildFile; fileRef = 6571F97C1BE50E99007AFBD5 /* Game.storyboard */; };
		6571F97F1BE50EA9007AFBD5 /* Intro.storyboard in Resources */ = {isa = PBXBuildFile; fileRef = 6571F97E1BE50EA9007AFBD5 /* Intro.storyboard */; };
		6571F9811BE50EB8007AFBD5 /* Overview.storyboard in Resources */ = {isa = PBXBuildFile; fileRef = 6571F9801BE50EB8007AFBD5 /* Overview.storyboard */; };
		6571F98A1BE50FBA007AFBD5 /* AppDelegate.m in Sources */ = {isa = PBXBuildFile; fileRef = 6571F9851BE50FBA007AFBD5 /* AppDelegate.m */; };
		6571F98C1BE50FBA007AFBD5 /* main.m in Sources */ = {isa = PBXBuildFile; fileRef = 6571F9871BE50FBA007AFBD5 /* main.m */; };
		6571F98D1BE50FBA007AFBD5 /* Reachability.m in Sources */ = {isa = PBXBuildFile; fileRef = 6571F9891BE50FBA007AFBD5 /* Reachability.m */; };
		65739A4C1BE511BC00DBD87B /* Info.plist in Resources */ = {isa = PBXBuildFile; fileRef = 65739A4B1BE511BC00DBD87B /* Info.plist */; };
		65739A7C1BE5134600DBD87B /* AboutViewController.m in Sources */ = {isa = PBXBuildFile; fileRef = 65739A4F1BE5134600DBD87B /* AboutViewController.m */; };
		65739A7D1BE5134600DBD87B /* CountriesAggregator.m in Sources */ = {isa = PBXBuildFile; fileRef = 65739A511BE5134600DBD87B /* CountriesAggregator.m */; };
		65739A7F1BE5134600DBD87B /* DataAggregator.m in Sources */ = {isa = PBXBuildFile; fileRef = 65739A551BE5134600DBD87B /* DataAggregator.m */; };
		65739A801BE5134600DBD87B /* DetailCell.m in Sources */ = {isa = PBXBuildFile; fileRef = 65739A571BE5134600DBD87B /* DetailCell.m */; };
		65739A811BE5134600DBD87B /* DictionaryDetailViewController.m in Sources */ = {isa = PBXBuildFile; fileRef = 65739A591BE5134600DBD87B /* DictionaryDetailViewController.m */; };
		65739A821BE5134600DBD87B /* DictionaryTableViewCell.m in Sources */ = {isa = PBXBuildFile; fileRef = 65739A5B1BE5134600DBD87B /* DictionaryTableViewCell.m */; };
		65739A831BE5134600DBD87B /* DictionaryViewController.m in Sources */ = {isa = PBXBuildFile; fileRef = 65739A5D1BE5134600DBD87B /* DictionaryViewController.m */; };
		65739A841BE5134600DBD87B /* GlottoViewController.m in Sources */ = {isa = PBXBuildFile; fileRef = 65739A5F1BE5134600DBD87B /* GlottoViewController.m */; };
		65739A851BE5134600DBD87B /* HighScoreHelper.m in Sources */ = {isa = PBXBuildFile; fileRef = 65739A611BE5134600DBD87B /* HighScoreHelper.m */; };
		65739A861BE5134600DBD87B /* Languoid.m in Sources */ = {isa = PBXBuildFile; fileRef = 65739A631BE5134600DBD87B /* Languoid.m */; };
		65739A871BE5134600DBD87B /* LanguoidsAggregator.m in Sources */ = {isa = PBXBuildFile; fileRef = 65739A651BE5134600DBD87B /* LanguoidsAggregator.m */; };
		65739A881BE5134600DBD87B /* Preferences.m in Sources */ = {isa = PBXBuildFile; fileRef = 65739A671BE5134600DBD87B /* Preferences.m */; };
		65739A891BE5134600DBD87B /* QuizBaseViewController.m in Sources */ = {isa = PBXBuildFile; fileRef = 65739A691BE5134600DBD87B /* QuizBaseViewController.m */; };
		65739A8A1BE5134600DBD87B /* QuizControlViewController.m in Sources */ = {isa = PBXBuildFile; fileRef = 65739A6B1BE5134600DBD87B /* QuizControlViewController.m */; };
		65739A8B1BE5134600DBD87B /* QuizViewController.m in Sources */ = {isa = PBXBuildFile; fileRef = 65739A6D1BE5134600DBD87B /* QuizViewController.m */; };
		65739A8C1BE5134600DBD87B /* ResultTableViewCell.m in Sources */ = {isa = PBXBuildFile; fileRef = 65739A6F1BE5134600DBD87B /* ResultTableViewCell.m */; };
		65739A8D1BE5134600DBD87B /* ResultViewController.m in Sources */ = {isa = PBXBuildFile; fileRef = 65739A711BE5134600DBD87B /* ResultViewController.m */; };
		65739A8E1BE5134600DBD87B /* SectionHeaderCell.m in Sources */ = {isa = PBXBuildFile; fileRef = 65739A731BE5134600DBD87B /* SectionHeaderCell.m */; };
		65739A8F1BE5134600DBD87B /* SentecesPageViewController.m in Sources */ = {isa = PBXBuildFile; fileRef = 65739A751BE5134600DBD87B /* SentecesPageViewController.m */; };
		65739A901BE5134600DBD87B /* Sentence.m in Sources */ = {isa = PBXBuildFile; fileRef = 65739A771BE5134600DBD87B /* Sentence.m */; };
		65739A911BE5134600DBD87B /* SentencesAggregator.m in Sources */ = {isa = PBXBuildFile; fileRef = 65739A791BE5134600DBD87B /* SentencesAggregator.m */; };
		65739A921BE5134600DBD87B /* StartViewController.m in Sources */ = {isa = PBXBuildFile; fileRef = 65739A7B1BE5134600DBD87B /* StartViewController.m */; };
		657A08D61BE515B600196F8A /* Country.m in Sources */ = {isa = PBXBuildFile; fileRef = 657A08D51BE515B600196F8A /* Country.m */; };
		982AC8E71B46123900116B4F /* ShadowView.swift in Sources */ = {isa = PBXBuildFile; fileRef = 982AC8E61B46123900116B4F /* ShadowView.swift */; };
		9835D9721B47EC84002B0158 /* HighScoreEntry.m in Sources */ = {isa = PBXBuildFile; fileRef = 9835D9711B47EC84002B0158 /* HighScoreEntry.m */; };
		98712FDC1B516A0C00B441B2 /* Languini.sqlite in Resources */ = {isa = PBXBuildFile; fileRef = 98712FD91B516A0C00B441B2 /* Languini.sqlite */; };
		98712FDD1B516A0C00B441B2 /* Languini.sqlite-shm in Resources */ = {isa = PBXBuildFile; fileRef = 98712FDA1B516A0C00B441B2 /* Languini.sqlite-shm */; };
		98712FDE1B516A0C00B441B2 /* Languini.sqlite-wal in Resources */ = {isa = PBXBuildFile; fileRef = 98712FDB1B516A0C00B441B2 /* Languini.sqlite-wal */; };
		98712FDF1B51970C00B441B2 /* Storyboard.storyboard in Resources */ = {isa = PBXBuildFile; fileRef = 98712FE11B51970C00B441B2 /* Storyboard.storyboard */; };
		98712FE81B519B1700B441B2 /* Localizable.strings in Resources */ = {isa = PBXBuildFile; fileRef = 98712FE61B519B1700B441B2 /* Localizable.strings */; };
		98A1C0D31B43273900E1AFE6 /* ShadowButton.swift in Sources */ = {isa = PBXBuildFile; fileRef = 98A1C0D21B43273900E1AFE6 /* ShadowButton.swift */; };
		98E78EEB1AEBECCA00C0909D /* LanguageQuiz.xcdatamodeld in Sources */ = {isa = PBXBuildFile; fileRef = 98E78EE91AEBECCA00C0909D /* LanguageQuiz.xcdatamodeld */; };
		98E78EF61AEBECCA00C0909D /* LaunchScreen.xib in Resources */ = {isa = PBXBuildFile; fileRef = 98E78EF41AEBECCA00C0909D /* LaunchScreen.xib */; };
/* End PBXBuildFile section */

/* Begin PBXFileReference section */
		652FA8021B5172BC0060DAAC /* Images.xcassets */ = {isa = PBXFileReference; lastKnownFileType = folder.assetcatalog; path = Images.xcassets; sourceTree = "<group>"; };
		654DDF931B526A6300CA32EB /* SystemConfiguration.framework */ = {isa = PBXFileReference; lastKnownFileType = wrapper.framework; name = SystemConfiguration.framework; path = System/Library/Frameworks/SystemConfiguration.framework; sourceTree = SDKROOT; };
		6571F97C1BE50E99007AFBD5 /* Game.storyboard */ = {isa = PBXFileReference; fileEncoding = 4; lastKnownFileType = file.storyboard; name = Game.storyboard; path = LanguageQuiz/Game/Game.storyboard; sourceTree = "<group>"; };
		6571F97E1BE50EA9007AFBD5 /* Intro.storyboard */ = {isa = PBXFileReference; fileEncoding = 4; lastKnownFileType = file.storyboard; name = Intro.storyboard; path = LanguageQuiz/Intro/Intro.storyboard; sourceTree = "<group>"; };
		6571F9801BE50EB8007AFBD5 /* Overview.storyboard */ = {isa = PBXFileReference; fileEncoding = 4; lastKnownFileType = file.storyboard; name = Overview.storyboard; path = LanguageQuiz/LanguageOverview/Overview.storyboard; sourceTree = "<group>"; };
		6571F9841BE50FBA007AFBD5 /* AppDelegate.h */ = {isa = PBXFileReference; fileEncoding = 4; lastKnownFileType = sourcecode.c.h; name = AppDelegate.h; path = General/AppDelegate.h; sourceTree = "<group>"; };
		6571F9851BE50FBA007AFBD5 /* AppDelegate.m */ = {isa = PBXFileReference; fileEncoding = 4; lastKnownFileType = sourcecode.c.objc; name = AppDelegate.m; path = General/AppDelegate.m; sourceTree = "<group>"; };
		6571F9871BE50FBA007AFBD5 /* main.m */ = {isa = PBXFileReference; fileEncoding = 4; lastKnownFileType = sourcecode.c.objc; name = main.m; path = General/main.m; sourceTree = "<group>"; };
		6571F9881BE50FBA007AFBD5 /* Reachability.h */ = {isa = PBXFileReference; fileEncoding = 4; lastKnownFileType = sourcecode.c.h; name = Reachability.h; path = General/Reachability.h; sourceTree = "<group>"; };
		6571F9891BE50FBA007AFBD5 /* Reachability.m */ = {isa = PBXFileReference; fileEncoding = 4; lastKnownFileType = sourcecode.c.objc; name = Reachability.m; path = General/Reachability.m; sourceTree = "<group>"; };
		65739A4B1BE511BC00DBD87B /* Info.plist */ = {isa = PBXFileReference; fileEncoding = 4; lastKnownFileType = text.plist.xml; path = Info.plist; sourceTree = "<group>"; };
		65739A4E1BE5134600DBD87B /* AboutViewController.h */ = {isa = PBXFileReference; fileEncoding = 4; lastKnownFileType = sourcecode.c.h; name = AboutViewController.h; path = "LanguageQuiz/Languini old Code/AboutViewController.h"; sourceTree = "<group>"; };
		65739A4F1BE5134600DBD87B /* AboutViewController.m */ = {isa = PBXFileReference; fileEncoding = 4; lastKnownFileType = sourcecode.c.objc; name = AboutViewController.m; path = "LanguageQuiz/Languini old Code/AboutViewController.m"; sourceTree = "<group>"; };
		65739A501BE5134600DBD87B /* CountriesAggregator.h */ = {isa = PBXFileReference; fileEncoding = 4; lastKnownFileType = sourcecode.c.h; name = CountriesAggregator.h; path = "LanguageQuiz/Languini old Code/CountriesAggregator.h"; sourceTree = "<group>"; };
		65739A511BE5134600DBD87B /* CountriesAggregator.m */ = {isa = PBXFileReference; fileEncoding = 4; lastKnownFileType = sourcecode.c.objc; name = CountriesAggregator.m; path = "LanguageQuiz/Languini old Code/CountriesAggregator.m"; sourceTree = "<group>"; };
		65739A521BE5134600DBD87B /* Country.h */ = {isa = PBXFileReference; fileEncoding = 4; lastKnownFileType = sourcecode.c.h; name = Country.h; path = "Languini old Code/Country.h"; sourceTree = "<group>"; };
		65739A541BE5134600DBD87B /* DataAggregator.h */ = {isa = PBXFileReference; fileEncoding = 4; lastKnownFileType = sourcecode.c.h; name = DataAggregator.h; path = "LanguageQuiz/Languini old Code/DataAggregator.h"; sourceTree = "<group>"; };
		65739A551BE5134600DBD87B /* DataAggregator.m */ = {isa = PBXFileReference; fileEncoding = 4; lastKnownFileType = sourcecode.c.objc; name = DataAggregator.m; path = "LanguageQuiz/Languini old Code/DataAggregator.m"; sourceTree = "<group>"; };
		65739A561BE5134600DBD87B /* DetailCell.h */ = {isa = PBXFileReference; fileEncoding = 4; lastKnownFileType = sourcecode.c.h; name = DetailCell.h; path = "LanguageQuiz/Languini old Code/DetailCell.h"; sourceTree = "<group>"; };
		65739A571BE5134600DBD87B /* DetailCell.m */ = {isa = PBXFileReference; fileEncoding = 4; lastKnownFileType = sourcecode.c.objc; name = DetailCell.m; path = "LanguageQuiz/Languini old Code/DetailCell.m"; sourceTree = "<group>"; };
		65739A581BE5134600DBD87B /* DictionaryDetailViewController.h */ = {isa = PBXFileReference; fileEncoding = 4; lastKnownFileType = sourcecode.c.h; name = DictionaryDetailViewController.h; path = "LanguageQuiz/Languini old Code/DictionaryDetailViewController.h"; sourceTree = "<group>"; };
		65739A591BE5134600DBD87B /* DictionaryDetailViewController.m */ = {isa = PBXFileReference; fileEncoding = 4; lastKnownFileType = sourcecode.c.objc; name = DictionaryDetailViewController.m; path = "LanguageQuiz/Languini old Code/DictionaryDetailViewController.m"; sourceTree = "<group>"; };
		65739A5A1BE5134600DBD87B /* DictionaryTableViewCell.h */ = {isa = PBXFileReference; fileEncoding = 4; lastKnownFileType = sourcecode.c.h; name = DictionaryTableViewCell.h; path = "LanguageQuiz/Languini old Code/DictionaryTableViewCell.h"; sourceTree = "<group>"; };
		65739A5B1BE5134600DBD87B /* DictionaryTableViewCell.m */ = {isa = PBXFileReference; fileEncoding = 4; lastKnownFileType = sourcecode.c.objc; name = DictionaryTableViewCell.m; path = "LanguageQuiz/Languini old Code/DictionaryTableViewCell.m"; sourceTree = "<group>"; };
		65739A5C1BE5134600DBD87B /* DictionaryViewController.h */ = {isa = PBXFileReference; fileEncoding = 4; lastKnownFileType = sourcecode.c.h; name = DictionaryViewController.h; path = "LanguageQuiz/Languini old Code/DictionaryViewController.h"; sourceTree = "<group>"; };
		65739A5D1BE5134600DBD87B /* DictionaryViewController.m */ = {isa = PBXFileReference; fileEncoding = 4; lastKnownFileType = sourcecode.c.objc; name = DictionaryViewController.m; path = "LanguageQuiz/Languini old Code/DictionaryViewController.m"; sourceTree = "<group>"; };
		65739A5E1BE5134600DBD87B /* GlottoViewController.h */ = {isa = PBXFileReference; fileEncoding = 4; lastKnownFileType = sourcecode.c.h; name = GlottoViewController.h; path = "LanguageQuiz/Languini old Code/GlottoViewController.h"; sourceTree = "<group>"; };
		65739A5F1BE5134600DBD87B /* GlottoViewController.m */ = {isa = PBXFileReference; fileEncoding = 4; lastKnownFileType = sourcecode.c.objc; name = GlottoViewController.m; path = "LanguageQuiz/Languini old Code/GlottoViewController.m"; sourceTree = "<group>"; };
		65739A601BE5134600DBD87B /* HighScoreHelper.h */ = {isa = PBXFileReference; fileEncoding = 4; lastKnownFileType = sourcecode.c.h; name = HighScoreHelper.h; path = "LanguageQuiz/Languini old Code/HighScoreHelper.h"; sourceTree = "<group>"; };
		65739A611BE5134600DBD87B /* HighScoreHelper.m */ = {isa = PBXFileReference; fileEncoding = 4; lastKnownFileType = sourcecode.c.objc; name = HighScoreHelper.m; path = "LanguageQuiz/Languini old Code/HighScoreHelper.m"; sourceTree = "<group>"; };
		65739A621BE5134600DBD87B /* Languoid.h */ = {isa = PBXFileReference; fileEncoding = 4; lastKnownFileType = sourcecode.c.h; name = Languoid.h; path = "Languini old Code/Languoid.h"; sourceTree = "<group>"; };
		65739A631BE5134600DBD87B /* Languoid.m */ = {isa = PBXFileReference; fileEncoding = 4; lastKnownFileType = sourcecode.c.objc; name = Languoid.m; path = "Languini old Code/Languoid.m"; sourceTree = "<group>"; };
		65739A641BE5134600DBD87B /* LanguoidsAggregator.h */ = {isa = PBXFileReference; fileEncoding = 4; lastKnownFileType = sourcecode.c.h; name = LanguoidsAggregator.h; path = "LanguageQuiz/Languini old Code/LanguoidsAggregator.h"; sourceTree = "<group>"; };
		65739A651BE5134600DBD87B /* LanguoidsAggregator.m */ = {isa = PBXFileReference; fileEncoding = 4; lastKnownFileType = sourcecode.c.objc; name = LanguoidsAggregator.m; path = "LanguageQuiz/Languini old Code/LanguoidsAggregator.m"; sourceTree = "<group>"; };
		65739A661BE5134600DBD87B /* Preferences.h */ = {isa = PBXFileReference; fileEncoding = 4; lastKnownFileType = sourcecode.c.h; name = Preferences.h; path = "LanguageQuiz/Languini old Code/Preferences.h"; sourceTree = "<group>"; };
		65739A671BE5134600DBD87B /* Preferences.m */ = {isa = PBXFileReference; fileEncoding = 4; lastKnownFileType = sourcecode.c.objc; name = Preferences.m; path = "LanguageQuiz/Languini old Code/Preferences.m"; sourceTree = "<group>"; };
		65739A681BE5134600DBD87B /* QuizBaseViewController.h */ = {isa = PBXFileReference; fileEncoding = 4; lastKnownFileType = sourcecode.c.h; name = QuizBaseViewController.h; path = "LanguageQuiz/Languini old Code/QuizBaseViewController.h"; sourceTree = "<group>"; };
		65739A691BE5134600DBD87B /* QuizBaseViewController.m */ = {isa = PBXFileReference; fileEncoding = 4; lastKnownFileType = sourcecode.c.objc; name = QuizBaseViewController.m; path = "LanguageQuiz/Languini old Code/QuizBaseViewController.m"; sourceTree = "<group>"; };
		65739A6A1BE5134600DBD87B /* QuizControlViewController.h */ = {isa = PBXFileReference; fileEncoding = 4; lastKnownFileType = sourcecode.c.h; name = QuizControlViewController.h; path = "LanguageQuiz/Languini old Code/QuizControlViewController.h"; sourceTree = "<group>"; };
		65739A6B1BE5134600DBD87B /* QuizControlViewController.m */ = {isa = PBXFileReference; fileEncoding = 4; lastKnownFileType = sourcecode.c.objc; name = QuizControlViewController.m; path = "LanguageQuiz/Languini old Code/QuizControlViewController.m"; sourceTree = "<group>"; };
		65739A6C1BE5134600DBD87B /* QuizViewController.h */ = {isa = PBXFileReference; fileEncoding = 4; lastKnownFileType = sourcecode.c.h; name = QuizViewController.h; path = "LanguageQuiz/Languini old Code/QuizViewController.h"; sourceTree = "<group>"; };
		65739A6D1BE5134600DBD87B /* QuizViewController.m */ = {isa = PBXFileReference; fileEncoding = 4; lastKnownFileType = sourcecode.c.objc; name = QuizViewController.m; path = "LanguageQuiz/Languini old Code/QuizViewController.m"; sourceTree = "<group>"; };
		65739A6E1BE5134600DBD87B /* ResultTableViewCell.h */ = {isa = PBXFileReference; fileEncoding = 4; lastKnownFileType = sourcecode.c.h; name = ResultTableViewCell.h; path = "LanguageQuiz/Languini old Code/ResultTableViewCell.h"; sourceTree = "<group>"; };
		65739A6F1BE5134600DBD87B /* ResultTableViewCell.m */ = {isa = PBXFileReference; fileEncoding = 4; lastKnownFileType = sourcecode.c.objc; name = ResultTableViewCell.m; path = "LanguageQuiz/Languini old Code/ResultTableViewCell.m"; sourceTree = "<group>"; };
		65739A701BE5134600DBD87B /* ResultViewController.h */ = {isa = PBXFileReference; fileEncoding = 4; lastKnownFileType = sourcecode.c.h; name = ResultViewController.h; path = "LanguageQuiz/Languini old Code/ResultViewController.h"; sourceTree = "<group>"; };
		65739A711BE5134600DBD87B /* ResultViewController.m */ = {isa = PBXFileReference; fileEncoding = 4; lastKnownFileType = sourcecode.c.objc; name = ResultViewController.m; path = "LanguageQuiz/Languini old Code/ResultViewController.m"; sourceTree = "<group>"; };
		65739A721BE5134600DBD87B /* SectionHeaderCell.h */ = {isa = PBXFileReference; fileEncoding = 4; lastKnownFileType = sourcecode.c.h; name = SectionHeaderCell.h; path = "LanguageQuiz/Languini old Code/SectionHeaderCell.h"; sourceTree = "<group>"; };
		65739A731BE5134600DBD87B /* SectionHeaderCell.m */ = {isa = PBXFileReference; fileEncoding = 4; lastKnownFileType = sourcecode.c.objc; name = SectionHeaderCell.m; path = "LanguageQuiz/Languini old Code/SectionHeaderCell.m"; sourceTree = "<group>"; };
		65739A741BE5134600DBD87B /* SentecesPageViewController.h */ = {isa = PBXFileReference; fileEncoding = 4; lastKnownFileType = sourcecode.c.h; name = SentecesPageViewController.h; path = "LanguageQuiz/Languini old Code/SentecesPageViewController.h"; sourceTree = "<group>"; };
		65739A751BE5134600DBD87B /* SentecesPageViewController.m */ = {isa = PBXFileReference; fileEncoding = 4; lastKnownFileType = sourcecode.c.objc; name = SentecesPageViewController.m; path = "LanguageQuiz/Languini old Code/SentecesPageViewController.m"; sourceTree = "<group>"; };
		65739A761BE5134600DBD87B /* Sentence.h */ = {isa = PBXFileReference; fileEncoding = 4; lastKnownFileType = sourcecode.c.h; name = Sentence.h; path = "Languini old Code/Sentence.h"; sourceTree = "<group>"; };
		65739A771BE5134600DBD87B /* Sentence.m */ = {isa = PBXFileReference; fileEncoding = 4; lastKnownFileType = sourcecode.c.objc; name = Sentence.m; path = "Languini old Code/Sentence.m"; sourceTree = "<group>"; };
		65739A781BE5134600DBD87B /* SentencesAggregator.h */ = {isa = PBXFileReference; fileEncoding = 4; lastKnownFileType = sourcecode.c.h; name = SentencesAggregator.h; path = "LanguageQuiz/Languini old Code/SentencesAggregator.h"; sourceTree = "<group>"; };
		65739A791BE5134600DBD87B /* SentencesAggregator.m */ = {isa = PBXFileReference; fileEncoding = 4; lastKnownFileType = sourcecode.c.objc; name = SentencesAggregator.m; path = "LanguageQuiz/Languini old Code/SentencesAggregator.m"; sourceTree = "<group>"; };
		65739A7A1BE5134600DBD87B /* StartViewController.h */ = {isa = PBXFileReference; fileEncoding = 4; lastKnownFileType = sourcecode.c.h; name = StartViewController.h; path = "LanguageQuiz/Languini old Code/StartViewController.h"; sourceTree = "<group>"; };
		65739A7B1BE5134600DBD87B /* StartViewController.m */ = {isa = PBXFileReference; fileEncoding = 4; lastKnownFileType = sourcecode.c.objc; name = StartViewController.m; path = "LanguageQuiz/Languini old Code/StartViewController.m"; sourceTree = "<group>"; };
		657A08D51BE515B600196F8A /* Country.m */ = {isa = PBXFileReference; fileEncoding = 4; lastKnownFileType = sourcecode.c.objc; name = Country.m; path = "Languini old Code/Country.m"; sourceTree = "<group>"; };
		982AC8E61B46123900116B4F /* ShadowView.swift */ = {isa = PBXFileReference; fileEncoding = 4; lastKnownFileType = sourcecode.swift; name = ShadowView.swift; path = LanguageQuiz/ShadowView.swift; sourceTree = "<group>"; };
		9835D9701B47EC84002B0158 /* HighScoreEntry.h */ = {isa = PBXFileReference; fileEncoding = 4; lastKnownFileType = sourcecode.c.h; name = HighScoreEntry.h; path = ../HighScoreEntry.h; sourceTree = "<group>"; };
		9835D9711B47EC84002B0158 /* HighScoreEntry.m */ = {isa = PBXFileReference; fileEncoding = 4; lastKnownFileType = sourcecode.c.objc; name = HighScoreEntry.m; path = ../HighScoreEntry.m; sourceTree = "<group>"; };
		98712FD91B516A0C00B441B2 /* Languini.sqlite */ = {isa = PBXFileReference; lastKnownFileType = file; path = Languini.sqlite; sourceTree = "<group>"; };
		98712FDA1B516A0C00B441B2 /* Languini.sqlite-shm */ = {isa = PBXFileReference; lastKnownFileType = file; path = "Languini.sqlite-shm"; sourceTree = "<group>"; };
		98712FDB1B516A0C00B441B2 /* Languini.sqlite-wal */ = {isa = PBXFileReference; lastKnownFileType = file; path = "Languini.sqlite-wal"; sourceTree = "<group>"; };
		98712FE31B51971700B441B2 /* de */ = {isa = PBXFileReference; lastKnownFileType = text.plist.strings; name = de; path = de.lproj/LaunchScreen.strings; sourceTree = "<group>"; };
		98712FE71B519B1700B441B2 /* en */ = {isa = PBXFileReference; lastKnownFileType = text.plist.strings; name = en; path = en.lproj/Localizable.strings; sourceTree = "<group>"; };
		98712FE91B519B2100B441B2 /* de */ = {isa = PBXFileReference; lastKnownFileType = text.plist.strings; name = de; path = de.lproj/Localizable.strings; sourceTree = "<group>"; };
		98712FEA1B519B2A00B441B2 /* Base */ = {isa = PBXFileReference; lastKnownFileType = text.plist.strings; name = Base; path = Base.lproj/Localizable.strings; sourceTree = "<group>"; };
		98712FED1B51A44500B441B2 /* Base */ = {isa = PBXFileReference; lastKnownFileType = file.storyboard; name = Base; path = Base.lproj/Storyboard.storyboard; sourceTree = "<group>"; };
		98A1C0D21B43273900E1AFE6 /* ShadowButton.swift */ = {isa = PBXFileReference; fileEncoding = 4; lastKnownFileType = sourcecode.swift; name = ShadowButton.swift; path = LanguageQuiz/ShadowButton.swift; sourceTree = "<group>"; };
		98E78EDF1AEBECCA00C0909D /* Languini.app */ = {isa = PBXFileReference; explicitFileType = wrapper.application; includeInIndex = 0; path = Languini.app; sourceTree = BUILT_PRODUCTS_DIR; };
		98E78EEA1AEBECCA00C0909D /* LanguageQuiz.xcdatamodel */ = {isa = PBXFileReference; lastKnownFileType = wrapper.xcdatamodel; path = LanguageQuiz.xcdatamodel; sourceTree = "<group>"; };
		98E78EF51AEBECCA00C0909D /* Base */ = {isa = PBXFileReference; lastKnownFileType = file.xib; name = Base; path = Base.lproj/LaunchScreen.xib; sourceTree = "<group>"; };
/* End PBXFileReference section */

/* Begin PBXFrameworksBuildPhase section */
		98E78EDC1AEBECCA00C0909D /* Frameworks */ = {
			isa = PBXFrameworksBuildPhase;
			buildActionMask = 2147483647;
			files = (
				654DDF941B526A6300CA32EB /* SystemConfiguration.framework in Frameworks */,
			);
			runOnlyForDeploymentPostprocessing = 0;
		};
/* End PBXFrameworksBuildPhase section */

/* Begin PBXGroup section */
		6571F96C1BE50708007AFBD5 /* Intro */ = {
			isa = PBXGroup;
			children = (
				6571F97E1BE50EA9007AFBD5 /* Intro.storyboard */,
			);
			name = Intro;
			sourceTree = "<group>";
		};
		6571F96D1BE50714007AFBD5 /* Game */ = {
			isa = PBXGroup;
			children = (
				6571F97C1BE50E99007AFBD5 /* Game.storyboard */,
			);
			name = Game;
			sourceTree = "<group>";
		};
		6571F96E1BE5071D007AFBD5 /* LanguagesOverview */ = {
			isa = PBXGroup;
			children = (
				6571F9801BE50EB8007AFBD5 /* Overview.storyboard */,
			);
			name = LanguagesOverview;
			sourceTree = "<group>";
		};
		6571F9751BE5082F007AFBD5 /* General */ = {
			isa = PBXGroup;
			children = (
				6571F9841BE50FBA007AFBD5 /* AppDelegate.h */,
				6571F9851BE50FBA007AFBD5 /* AppDelegate.m */,
				65739A4B1BE511BC00DBD87B /* Info.plist */,
				6571F9871BE50FBA007AFBD5 /* main.m */,
				6571F9881BE50FBA007AFBD5 /* Reachability.h */,
				6571F9891BE50FBA007AFBD5 /* Reachability.m */,
				98E78EE21AEBECCA00C0909D /* Supporting Files */,
			);
			name = General;
			path = LanguageQuiz;
			sourceTree = "<group>";
		};
		65739A4D1BE5133100DBD87B /* Languini old code */ = {
			isa = PBXGroup;
			children = (
				98712FE11B51970C00B441B2 /* Storyboard.storyboard */,
				98E78EF41AEBECCA00C0909D /* LaunchScreen.xib */,
				657A08DC1BE516DD00196F8A /* Shared */,
				657A08DB1BE516B400196F8A /* About */,
				98E78F1A1AEC0F1A00C0909D /* Data */,
				657A08D71BE5161400196F8A /* DataAggregator */,
				657A08DA1BE516A300196F8A /* Dictionary */,
				657A08D81BE5165200196F8A /* Game Over */,
				657A08D91BE5166C00196F8A /* Quiz */,
			);
			name = "Languini old code";
			sourceTree = "<group>";
		};
		657A08D71BE5161400196F8A /* DataAggregator */ = {
			isa = PBXGroup;
			children = (
				65739A501BE5134600DBD87B /* CountriesAggregator.h */,
				65739A511BE5134600DBD87B /* CountriesAggregator.m */,
				65739A541BE5134600DBD87B /* DataAggregator.h */,
				65739A551BE5134600DBD87B /* DataAggregator.m */,
				65739A641BE5134600DBD87B /* LanguoidsAggregator.h */,
				65739A651BE5134600DBD87B /* LanguoidsAggregator.m */,
				65739A781BE5134600DBD87B /* SentencesAggregator.h */,
				65739A791BE5134600DBD87B /* SentencesAggregator.m */,
			);
			name = DataAggregator;
			sourceTree = "<group>";
		};
		657A08D81BE5165200196F8A /* Game Over */ = {
			isa = PBXGroup;
			children = (
				65739A601BE5134600DBD87B /* HighScoreHelper.h */,
				65739A611BE5134600DBD87B /* HighScoreHelper.m */,
				65739A6E1BE5134600DBD87B /* ResultTableViewCell.h */,
				65739A6F1BE5134600DBD87B /* ResultTableViewCell.m */,
				65739A701BE5134600DBD87B /* ResultViewController.h */,
				65739A711BE5134600DBD87B /* ResultViewController.m */,
			);
			name = "Game Over";
			sourceTree = "<group>";
		};
		657A08D91BE5166C00196F8A /* Quiz */ = {
			isa = PBXGroup;
			children = (
				65739A681BE5134600DBD87B /* QuizBaseViewController.h */,
				65739A691BE5134600DBD87B /* QuizBaseViewController.m */,
				65739A6A1BE5134600DBD87B /* QuizControlViewController.h */,
				65739A6B1BE5134600DBD87B /* QuizControlViewController.m */,
				65739A6C1BE5134600DBD87B /* QuizViewController.h */,
				65739A6D1BE5134600DBD87B /* QuizViewController.m */,
				65739A7A1BE5134600DBD87B /* StartViewController.h */,
				65739A7B1BE5134600DBD87B /* StartViewController.m */,
			);
			name = Quiz;
			sourceTree = "<group>";
		};
		657A08DA1BE516A300196F8A /* Dictionary */ = {
			isa = PBXGroup;
			children = (
				65739A561BE5134600DBD87B /* DetailCell.h */,
				65739A571BE5134600DBD87B /* DetailCell.m */,
				65739A581BE5134600DBD87B /* DictionaryDetailViewController.h */,
				65739A591BE5134600DBD87B /* DictionaryDetailViewController.m */,
				65739A5A1BE5134600DBD87B /* DictionaryTableViewCell.h */,
				65739A5B1BE5134600DBD87B /* DictionaryTableViewCell.m */,
				65739A5C1BE5134600DBD87B /* DictionaryViewController.h */,
				65739A5D1BE5134600DBD87B /* DictionaryViewController.m */,
				65739A5E1BE5134600DBD87B /* GlottoViewController.h */,
				65739A5F1BE5134600DBD87B /* GlottoViewController.m */,
				65739A721BE5134600DBD87B /* SectionHeaderCell.h */,
				65739A731BE5134600DBD87B /* SectionHeaderCell.m */,
				65739A741BE5134600DBD87B /* SentecesPageViewController.h */,
				65739A751BE5134600DBD87B /* SentecesPageViewController.m */,
			);
			name = Dictionary;
			sourceTree = "<group>";
		};
		657A08DB1BE516B400196F8A /* About */ = {
			isa = PBXGroup;
			children = (
				65739A4E1BE5134600DBD87B /* AboutViewController.h */,
				65739A4F1BE5134600DBD87B /* AboutViewController.m */,
			);
			name = About;
			sourceTree = "<group>";
		};
		657A08DC1BE516DD00196F8A /* Shared */ = {
			isa = PBXGroup;
			children = (
				98A1C0D21B43273900E1AFE6 /* ShadowButton.swift */,
				982AC8E61B46123900116B4F /* ShadowView.swift */,
				65739A661BE5134600DBD87B /* Preferences.h */,
				65739A671BE5134600DBD87B /* Preferences.m */,
			);
			name = Shared;
			sourceTree = "<group>";
		};
		989762741AFFBE9500ACE909 /* Resources */ = {
			isa = PBXGroup;
			children = (
				652FA8021B5172BC0060DAAC /* Images.xcassets */,
			);
			name = Resources;
			path = LanguageQuiz;
			sourceTree = "<group>";
		};
		989F6BBF1AF17F6F007A9AD6 /* Models (ObjcC) */ = {
			isa = PBXGroup;
			children = (
				65739A621BE5134600DBD87B /* Languoid.h */,
				65739A631BE5134600DBD87B /* Languoid.m */,
				65739A521BE5134600DBD87B /* Country.h */,
				657A08D51BE515B600196F8A /* Country.m */,
				98E78EE91AEBECCA00C0909D /* LanguageQuiz.xcdatamodeld */,
				9835D9701B47EC84002B0158 /* HighScoreEntry.h */,
				9835D9711B47EC84002B0158 /* HighScoreEntry.m */,
				65739A761BE5134600DBD87B /* Sentence.h */,
				65739A771BE5134600DBD87B /* Sentence.m */,
			);
			name = "Models (ObjcC)";
			path = LanguageQuiz;
			sourceTree = "<group>";
		};
		98E78ED61AEBECCA00C0909D = {
			isa = PBXGroup;
			children = (
				65739A4D1BE5133100DBD87B /* Languini old code */,
				6571F96E1BE5071D007AFBD5 /* LanguagesOverview */,
				6571F96D1BE50714007AFBD5 /* Game */,
				6571F96C1BE50708007AFBD5 /* Intro */,
				989F6BBF1AF17F6F007A9AD6 /* Models (ObjcC) */,
				6571F9751BE5082F007AFBD5 /* General */,
				989762741AFFBE9500ACE909 /* Resources */,
				98E78EE01AEBECCA00C0909D /* Products */,
			);
			sourceTree = "<group>";
		};
		98E78EE01AEBECCA00C0909D /* Products */ = {
			isa = PBXGroup;
			children = (
				98E78EDF1AEBECCA00C0909D /* Languini.app */,
			);
			name = Products;
			sourceTree = "<group>";
		};
		98E78EE21AEBECCA00C0909D /* Supporting Files */ = {
			isa = PBXGroup;
			children = (
				654DDF931B526A6300CA32EB /* SystemConfiguration.framework */,
				98712FE61B519B1700B441B2 /* Localizable.strings */,
			);
			name = "Supporting Files";
			sourceTree = "<group>";
		};
		98E78F1A1AEC0F1A00C0909D /* Data */ = {
			isa = PBXGroup;
			children = (
				98712FD91B516A0C00B441B2 /* Languini.sqlite */,
				98712FDA1B516A0C00B441B2 /* Languini.sqlite-shm */,
				98712FDB1B516A0C00B441B2 /* Languini.sqlite-wal */,
			);
			name = Data;
			path = LanguageQuiz;
			sourceTree = "<group>";
		};
/* End PBXGroup section */

/* Begin PBXNativeTarget section */
		98E78EDE1AEBECCA00C0909D /* Languini */ = {
			isa = PBXNativeTarget;
			buildConfigurationList = 98E78F051AEBECCA00C0909D /* Build configuration list for PBXNativeTarget "Languini" */;
			buildPhases = (
				98E78EDB1AEBECCA00C0909D /* Sources */,
				98E78EDC1AEBECCA00C0909D /* Frameworks */,
				98E78EDD1AEBECCA00C0909D /* Resources */,
			);
			buildRules = (
			);
			dependencies = (
			);
			name = Languini;
			productName = LanguageQuiz;
			productReference = 98E78EDF1AEBECCA00C0909D /* Languini.app */;
			productType = "com.apple.product-type.application";
		};
/* End PBXNativeTarget section */

/* Begin PBXProject section */
		98E78ED71AEBECCA00C0909D /* Project object */ = {
			isa = PBXProject;
			attributes = {
				LastSwiftUpdateCheck = 0710;
				LastUpgradeCheck = 0710;
				ORGANIZATIONNAME = "Coding Da Vinci";
				TargetAttributes = {
					98E78EDE1AEBECCA00C0909D = {
						CreatedOnToolsVersion = 6.2;
						DevelopmentTeam = 23Q9KTEYUV;
					};
				};
			};
			buildConfigurationList = 98E78EDA1AEBECCA00C0909D /* Build configuration list for PBXProject "Languini" */;
			compatibilityVersion = "Xcode 3.2";
			developmentRegion = English;
			hasScannedForEncodings = 0;
			knownRegions = (
				en,
				Base,
				de,
			);
			mainGroup = 98E78ED61AEBECCA00C0909D;
			productRefGroup = 98E78EE01AEBECCA00C0909D /* Products */;
			projectDirPath = "";
			projectRoot = "";
			targets = (
				98E78EDE1AEBECCA00C0909D /* Languini */,
			);
		};
/* End PBXProject section */

/* Begin PBXResourcesBuildPhase section */
		98E78EDD1AEBECCA00C0909D /* Resources */ = {
			isa = PBXResourcesBuildPhase;
			buildActionMask = 2147483647;
			files = (
				98712FDD1B516A0C00B441B2 /* Languini.sqlite-shm in Resources */,
				98712FDE1B516A0C00B441B2 /* Languini.sqlite-wal in Resources */,
				98E78EF61AEBECCA00C0909D /* LaunchScreen.xib in Resources */,
				652FA8031B5172BC0060DAAC /* Images.xcassets in Resources */,
				98712FE81B519B1700B441B2 /* Localizable.strings in Resources */,
				98712FDC1B516A0C00B441B2 /* Languini.sqlite in Resources */,
				98712FDF1B51970C00B441B2 /* Storyboard.storyboard in Resources */,
				6571F97D1BE50E99007AFBD5 /* Game.storyboard in Resources */,
				65739A4C1BE511BC00DBD87B /* Info.plist in Resources */,
				6571F9811BE50EB8007AFBD5 /* Overview.storyboard in Resources */,
				6571F97F1BE50EA9007AFBD5 /* Intro.storyboard in Resources */,
			);
			runOnlyForDeploymentPostprocessing = 0;
		};
/* End PBXResourcesBuildPhase section */

/* Begin PBXSourcesBuildPhase section */
		98E78EDB1AEBECCA00C0909D /* Sources */ = {
			isa = PBXSourcesBuildPhase;
			buildActionMask = 2147483647;
			files = (
				65739A841BE5134600DBD87B /* GlottoViewController.m in Sources */,
				65739A8E1BE5134600DBD87B /* SectionHeaderCell.m in Sources */,
				65739A901BE5134600DBD87B /* Sentence.m in Sources */,
				65739A8A1BE5134600DBD87B /* QuizControlViewController.m in Sources */,
				657A08D61BE515B600196F8A /* Country.m in Sources */,
				65739A8F1BE5134600DBD87B /* SentecesPageViewController.m in Sources */,
				65739A861BE5134600DBD87B /* Languoid.m in Sources */,
				6571F98C1BE50FBA007AFBD5 /* main.m in Sources */,
				65739A8B1BE5134600DBD87B /* QuizViewController.m in Sources */,
				65739A831BE5134600DBD87B /* DictionaryViewController.m in Sources */,
				65739A851BE5134600DBD87B /* HighScoreHelper.m in Sources */,
				65739A811BE5134600DBD87B /* DictionaryDetailViewController.m in Sources */,
				9835D9721B47EC84002B0158 /* HighScoreEntry.m in Sources */,
				65739A911BE5134600DBD87B /* SentencesAggregator.m in Sources */,
				65739A891BE5134600DBD87B /* QuizBaseViewController.m in Sources */,
				65739A881BE5134600DBD87B /* Preferences.m in Sources */,
				65739A821BE5134600DBD87B /* DictionaryTableViewCell.m in Sources */,
				982AC8E71B46123900116B4F /* ShadowView.swift in Sources */,
				65739A7D1BE5134600DBD87B /* CountriesAggregator.m in Sources */,
				98A1C0D31B43273900E1AFE6 /* ShadowButton.swift in Sources */,
				65739A921BE5134600DBD87B /* StartViewController.m in Sources */,
				6571F98A1BE50FBA007AFBD5 /* AppDelegate.m in Sources */,
				6571F98D1BE50FBA007AFBD5 /* Reachability.m in Sources */,
				65739A871BE5134600DBD87B /* LanguoidsAggregator.m in Sources */,
				65739A8C1BE5134600DBD87B /* ResultTableViewCell.m in Sources */,
				65739A801BE5134600DBD87B /* DetailCell.m in Sources */,
				98E78EEB1AEBECCA00C0909D /* LanguageQuiz.xcdatamodeld in Sources */,
				65739A7C1BE5134600DBD87B /* AboutViewController.m in Sources */,
				65739A7F1BE5134600DBD87B /* DataAggregator.m in Sources */,
				65739A8D1BE5134600DBD87B /* ResultViewController.m in Sources */,
			);
			runOnlyForDeploymentPostprocessing = 0;
		};
/* End PBXSourcesBuildPhase section */

/* Begin PBXVariantGroup section */
		98712FE11B51970C00B441B2 /* Storyboard.storyboard */ = {
			isa = PBXVariantGroup;
			children = (
				98712FED1B51A44500B441B2 /* Base */,
			);
			name = Storyboard.storyboard;
			path = LanguageQuiz;
			sourceTree = "<group>";
		};
		98712FE61B519B1700B441B2 /* Localizable.strings */ = {
			isa = PBXVariantGroup;
			children = (
				98712FE71B519B1700B441B2 /* en */,
				98712FE91B519B2100B441B2 /* de */,
				98712FEA1B519B2A00B441B2 /* Base */,
			);
			name = Localizable.strings;
			sourceTree = "<group>";
		};
		98E78EF41AEBECCA00C0909D /* LaunchScreen.xib */ = {
			isa = PBXVariantGroup;
			children = (
				98E78EF51AEBECCA00C0909D /* Base */,
				98712FE31B51971700B441B2 /* de */,
			);
			name = LaunchScreen.xib;
			path = LanguageQuiz;
			sourceTree = "<group>";
		};
/* End PBXVariantGroup section */

/* Begin XCBuildConfiguration section */
		98E78F031AEBECCA00C0909D /* Debug */ = {
			isa = XCBuildConfiguration;
			buildSettings = {
				ALWAYS_SEARCH_USER_PATHS = NO;
				CLANG_CXX_LANGUAGE_STANDARD = "gnu++0x";
				CLANG_CXX_LIBRARY = "libc++";
				CLANG_ENABLE_MODULES = YES;
				CLANG_ENABLE_OBJC_ARC = YES;
				CLANG_WARN_BOOL_CONVERSION = YES;
				CLANG_WARN_CONSTANT_CONVERSION = YES;
				CLANG_WARN_DIRECT_OBJC_ISA_USAGE = YES_ERROR;
				CLANG_WARN_EMPTY_BODY = YES;
				CLANG_WARN_ENUM_CONVERSION = YES;
				CLANG_WARN_INT_CONVERSION = YES;
				CLANG_WARN_OBJC_ROOT_CLASS = YES_ERROR;
				CLANG_WARN_UNREACHABLE_CODE = YES;
				CLANG_WARN__DUPLICATE_METHOD_MATCH = YES;
				"CODE_SIGN_IDENTITY[sdk=iphoneos*]" = "iPhone Developer";
				COPY_PHASE_STRIP = NO;
				ENABLE_STRICT_OBJC_MSGSEND = YES;
				ENABLE_TESTABILITY = YES;
				GCC_C_LANGUAGE_STANDARD = gnu99;
				GCC_DYNAMIC_NO_PIC = NO;
				GCC_OPTIMIZATION_LEVEL = 0;
				GCC_PREPROCESSOR_DEFINITIONS = (
					"DEBUG=1",
					"$(inherited)",
				);
				GCC_SYMBOLS_PRIVATE_EXTERN = NO;
				GCC_WARN_64_TO_32_BIT_CONVERSION = YES;
				GCC_WARN_ABOUT_RETURN_TYPE = YES_ERROR;
				GCC_WARN_UNDECLARED_SELECTOR = YES;
				GCC_WARN_UNINITIALIZED_AUTOS = YES_AGGRESSIVE;
				GCC_WARN_UNUSED_FUNCTION = YES;
				GCC_WARN_UNUSED_VARIABLE = YES;
				IPHONEOS_DEPLOYMENT_TARGET = 7.0;
				MTL_ENABLE_DEBUG_INFO = YES;
				ONLY_ACTIVE_ARCH = YES;
				SDKROOT = iphoneos;
			};
			name = Debug;
		};
		98E78F041AEBECCA00C0909D /* Release */ = {
			isa = XCBuildConfiguration;
			buildSettings = {
				ALWAYS_SEARCH_USER_PATHS = NO;
				CLANG_CXX_LANGUAGE_STANDARD = "gnu++0x";
				CLANG_CXX_LIBRARY = "libc++";
				CLANG_ENABLE_MODULES = YES;
				CLANG_ENABLE_OBJC_ARC = YES;
				CLANG_WARN_BOOL_CONVERSION = YES;
				CLANG_WARN_CONSTANT_CONVERSION = YES;
				CLANG_WARN_DIRECT_OBJC_ISA_USAGE = YES_ERROR;
				CLANG_WARN_EMPTY_BODY = YES;
				CLANG_WARN_ENUM_CONVERSION = YES;
				CLANG_WARN_INT_CONVERSION = YES;
				CLANG_WARN_OBJC_ROOT_CLASS = YES_ERROR;
				CLANG_WARN_UNREACHABLE_CODE = YES;
				CLANG_WARN__DUPLICATE_METHOD_MATCH = YES;
				"CODE_SIGN_IDENTITY[sdk=iphoneos*]" = "iPhone Developer";
				COPY_PHASE_STRIP = NO;
				ENABLE_NS_ASSERTIONS = NO;
				ENABLE_STRICT_OBJC_MSGSEND = YES;
				GCC_C_LANGUAGE_STANDARD = gnu99;
				GCC_WARN_64_TO_32_BIT_CONVERSION = YES;
				GCC_WARN_ABOUT_RETURN_TYPE = YES_ERROR;
				GCC_WARN_UNDECLARED_SELECTOR = YES;
				GCC_WARN_UNINITIALIZED_AUTOS = YES_AGGRESSIVE;
				GCC_WARN_UNUSED_FUNCTION = YES;
				GCC_WARN_UNUSED_VARIABLE = YES;
				IPHONEOS_DEPLOYMENT_TARGET = 7.0;
				MTL_ENABLE_DEBUG_INFO = NO;
				SDKROOT = iphoneos;
				VALIDATE_PRODUCT = YES;
			};
			name = Release;
		};
		98E78F061AEBECCA00C0909D /* Debug */ = {
			isa = XCBuildConfiguration;
			buildSettings = {
				ASSETCATALOG_COMPILER_APPICON_NAME = AppIcon;
				ASSETCATALOG_COMPILER_LAUNCHIMAGE_NAME = LaunchImage;
				CLANG_ENABLE_MODULES = YES;
				CODE_SIGN_IDENTITY = "iPhone Developer";
				INFOPLIST_FILE = LanguageQuiz/Info.plist;
				LD_RUNPATH_SEARCH_PATHS = "$(inherited) @executable_path/Frameworks";
				PRODUCT_BUNDLE_IDENTIFIER = "CodingDaVinci.$(PRODUCT_NAME:rfc1034identifier)";
				PRODUCT_NAME = Languini;
				SWIFT_OPTIMIZATION_LEVEL = "-Onone";
				TARGETED_DEVICE_FAMILY = 1;
			};
			name = Debug;
		};
		98E78F071AEBECCA00C0909D /* Release */ = {
			isa = XCBuildConfiguration;
			buildSettings = {
				ASSETCATALOG_COMPILER_APPICON_NAME = AppIcon;
				ASSETCATALOG_COMPILER_LAUNCHIMAGE_NAME = LaunchImage;
				CLANG_ENABLE_MODULES = YES;
				CODE_SIGN_IDENTITY = "iPhone Developer";
				INFOPLIST_FILE = LanguageQuiz/Info.plist;
				LD_RUNPATH_SEARCH_PATHS = "$(inherited) @executable_path/Frameworks";
				PRODUCT_BUNDLE_IDENTIFIER = "CodingDaVinci.$(PRODUCT_NAME:rfc1034identifier)";
				PRODUCT_NAME = Languini;
				TARGETED_DEVICE_FAMILY = 1;
			};
			name = Release;
		};
/* End XCBuildConfiguration section */

/* Begin XCConfigurationList section */
		98E78EDA1AEBECCA00C0909D /* Build configuration list for PBXProject "Languini" */ = {
			isa = XCConfigurationList;
			buildConfigurations = (
				98E78F031AEBECCA00C0909D /* Debug */,
				98E78F041AEBECCA00C0909D /* Release */,
			);
			defaultConfigurationIsVisible = 0;
			defaultConfigurationName = Release;
		};
		98E78F051AEBECCA00C0909D /* Build configuration list for PBXNativeTarget "Languini" */ = {
			isa = XCConfigurationList;
			buildConfigurations = (
				98E78F061AEBECCA00C0909D /* Debug */,
				98E78F071AEBECCA00C0909D /* Release */,
			);
			defaultConfigurationIsVisible = 0;
			defaultConfigurationName = Release;
		};
/* End XCConfigurationList section */

/* Begin XCVersionGroup section */
		98E78EE91AEBECCA00C0909D /* LanguageQuiz.xcdatamodeld */ = {
			isa = XCVersionGroup;
			children = (
				98E78EEA1AEBECCA00C0909D /* LanguageQuiz.xcdatamodel */,
			);
			currentVersion = 98E78EEA1AEBECCA00C0909D /* LanguageQuiz.xcdatamodel */;
			path = LanguageQuiz.xcdatamodeld;
			sourceTree = "<group>";
			versionGroupType = wrapper.xcdatamodel;
		};
/* End XCVersionGroup section */
	};
	rootObject = 98E78ED71AEBECCA00C0909D /* Project object */;
}
